// !$*UTF8*$!
{
	archiveVersion = 1;
	classes = {
	};
	objectVersion = 46;
	objects = {

/* Begin PBXBuildFile section */
		5D07F90500700A087AFFDBA1 /* libPods.a in Frameworks */ = {isa = PBXBuildFile; fileRef = 437D4BCE40F0618340199028 /* libPods.a */; };
		79BE07341C916E4D00EC76A9 /* main.m in Sources */ = {isa = PBXBuildFile; fileRef = 79BE07331C916E4D00EC76A9 /* main.m */; };
		79BE07371C916E4D00EC76A9 /* AppDelegate.m in Sources */ = {isa = PBXBuildFile; fileRef = 79BE07361C916E4D00EC76A9 /* AppDelegate.m */; };
		79BE073A1C916E4D00EC76A9 /* ViewController.m in Sources */ = {isa = PBXBuildFile; fileRef = 79BE07391C916E4D00EC76A9 /* ViewController.m */; };
		79BE073D1C916E4D00EC76A9 /* Main.storyboard in Resources */ = {isa = PBXBuildFile; fileRef = 79BE073B1C916E4D00EC76A9 /* Main.storyboard */; };
		79BE073F1C916E4D00EC76A9 /* Assets.xcassets in Resources */ = {isa = PBXBuildFile; fileRef = 79BE073E1C916E4D00EC76A9 /* Assets.xcassets */; };
		79BE07421C916E4D00EC76A9 /* LaunchScreen.storyboard in Resources */ = {isa = PBXBuildFile; fileRef = 79BE07401C916E4D00EC76A9 /* LaunchScreen.storyboard */; };
		79BE07551C916F8500EC76A9 /* Cell.m in Sources */ = {isa = PBXBuildFile; fileRef = 79BE074D1C916F8500EC76A9 /* Cell.m */; };
		79BE07561C916F8500EC76A9 /* Cell.xib in Resources */ = {isa = PBXBuildFile; fileRef = 79BE074E1C916F8500EC76A9 /* Cell.xib */; };
		79BE07571C916F8500EC76A9 /* CellTwo.m in Sources */ = {isa = PBXBuildFile; fileRef = 79BE07501C916F8500EC76A9 /* CellTwo.m */; };
		79BE07581C916F8500EC76A9 /* CellTwo.xib in Resources */ = {isa = PBXBuildFile; fileRef = 79BE07511C916F8500EC76A9 /* CellTwo.xib */; };
		79BE07591C916F8500EC76A9 /* CellThree.m in Sources */ = {isa = PBXBuildFile; fileRef = 79BE07531C916F8500EC76A9 /* CellThree.m */; };
		79BE075A1C916F8500EC76A9 /* CellThree.xib in Resources */ = {isa = PBXBuildFile; fileRef = 79BE07541C916F8500EC76A9 /* CellThree.xib */; };
		79BE075D1C916F9100EC76A9 /* Model.m in Sources */ = {isa = PBXBuildFile; fileRef = 79BE075C1C916F9100EC76A9 /* Model.m */; };
		79BE07621C916F9800EC76A9 /* DataSource.m in Sources */ = {isa = PBXBuildFile; fileRef = 79BE075F1C916F9800EC76A9 /* DataSource.m */; };
		79BE07631C916F9800EC76A9 /* Store.m in Sources */ = {isa = PBXBuildFile; fileRef = 79BE07611C916F9800EC76A9 /* Store.m */; };
		79BE07671C916FAF00EC76A9 /* CellSelectController.m in Sources */ = {isa = PBXBuildFile; fileRef = 79BE07651C916FAF00EC76A9 /* CellSelectController.m */; };
		79BE07681C916FAF00EC76A9 /* CellSelectController.xib in Resources */ = {isa = PBXBuildFile; fileRef = 79BE07661C916FAF00EC76A9 /* CellSelectController.xib */; };
		79BE076A1C916FCC00EC76A9 /* LocalTest.plist in Resources */ = {isa = PBXBuildFile; fileRef = 79BE07691C916FCC00EC76A9 /* LocalTest.plist */; };
/* End PBXBuildFile section */

/* Begin PBXFileReference section */
		437D4BCE40F0618340199028 /* libPods.a */ = {isa = PBXFileReference; explicitFileType = archive.ar; includeInIndex = 0; path = libPods.a; sourceTree = BUILT_PRODUCTS_DIR; };
		5425C8F9502D44AEEBF7AE75 /* Pods.debug.xcconfig */ = {isa = PBXFileReference; includeInIndex = 1; lastKnownFileType = text.xcconfig; name = Pods.debug.xcconfig; path = "Pods/Target Support Files/Pods/Pods.debug.xcconfig"; sourceTree = "<group>"; };
		79BE072F1C916E4D00EC76A9 /* MVC-Object_C.app */ = {isa = PBXFileReference; explicitFileType = wrapper.application; includeInIndex = 0; path = "MVC-Object_C.app"; sourceTree = BUILT_PRODUCTS_DIR; };
		79BE07331C916E4D00EC76A9 /* main.m */ = {isa = PBXFileReference; lastKnownFileType = sourcecode.c.objc; path = main.m; sourceTree = "<group>"; };
		79BE07351C916E4D00EC76A9 /* AppDelegate.h */ = {isa = PBXFileReference; lastKnownFileType = sourcecode.c.h; path = AppDelegate.h; sourceTree = "<group>"; };
		79BE07361C916E4D00EC76A9 /* AppDelegate.m */ = {isa = PBXFileReference; lastKnownFileType = sourcecode.c.objc; path = AppDelegate.m; sourceTree = "<group>"; };
		79BE07381C916E4D00EC76A9 /* ViewController.h */ = {isa = PBXFileReference; lastKnownFileType = sourcecode.c.h; path = ViewController.h; sourceTree = "<group>"; };
		79BE07391C916E4D00EC76A9 /* ViewController.m */ = {isa = PBXFileReference; lastKnownFileType = sourcecode.c.objc; path = ViewController.m; sourceTree = "<group>"; };
		79BE073C1C916E4D00EC76A9 /* Base */ = {isa = PBXFileReference; lastKnownFileType = file.storyboard; name = Base; path = Base.lproj/Main.storyboard; sourceTree = "<group>"; };
		79BE073E1C916E4D00EC76A9 /* Assets.xcassets */ = {isa = PBXFileReference; lastKnownFileType = folder.assetcatalog; path = Assets.xcassets; sourceTree = "<group>"; };
		79BE07411C916E4D00EC76A9 /* Base */ = {isa = PBXFileReference; lastKnownFileType = file.storyboard; name = Base; path = Base.lproj/LaunchScreen.storyboard; sourceTree = "<group>"; };
		79BE07431C916E4D00EC76A9 /* Info.plist */ = {isa = PBXFileReference; lastKnownFileType = text.plist.xml; path = Info.plist; sourceTree = "<group>"; };
		79BE074C1C916F8500EC76A9 /* Cell.h */ = {isa = PBXFileReference; fileEncoding = 4; lastKnownFileType = sourcecode.c.h; path = Cell.h; sourceTree = "<group>"; };
		79BE074D1C916F8500EC76A9 /* Cell.m */ = {isa = PBXFileReference; fileEncoding = 4; lastKnownFileType = sourcecode.c.objc; path = Cell.m; sourceTree = "<group>"; };
		79BE074E1C916F8500EC76A9 /* Cell.xib */ = {isa = PBXFileReference; fileEncoding = 4; lastKnownFileType = file.xib; path = Cell.xib; sourceTree = "<group>"; };
		79BE074F1C916F8500EC76A9 /* CellTwo.h */ = {isa = PBXFileReference; fileEncoding = 4; lastKnownFileType = sourcecode.c.h; path = CellTwo.h; sourceTree = "<group>"; };
		79BE07501C916F8500EC76A9 /* CellTwo.m */ = {isa = PBXFileReference; fileEncoding = 4; lastKnownFileType = sourcecode.c.objc; path = CellTwo.m; sourceTree = "<group>"; };
		79BE07511C916F8500EC76A9 /* CellTwo.xib */ = {isa = PBXFileReference; fileEncoding = 4; lastKnownFileType = file.xib; path = CellTwo.xib; sourceTree = "<group>"; };
		79BE07521C916F8500EC76A9 /* CellThree.h */ = {isa = PBXFileReference; fileEncoding = 4; lastKnownFileType = sourcecode.c.h; path = CellThree.h; sourceTree = "<group>"; };
		79BE07531C916F8500EC76A9 /* CellThree.m */ = {isa = PBXFileReference; fileEncoding = 4; lastKnownFileType = sourcecode.c.objc; path = CellThree.m; sourceTree = "<group>"; };
		79BE07541C916F8500EC76A9 /* CellThree.xib */ = {isa = PBXFileReference; fileEncoding = 4; lastKnownFileType = file.xib; path = CellThree.xib; sourceTree = "<group>"; };
		79BE075B1C916F9100EC76A9 /* Model.h */ = {isa = PBXFileReference; fileEncoding = 4; lastKnownFileType = sourcecode.c.h; path = Model.h; sourceTree = "<group>"; };
		79BE075C1C916F9100EC76A9 /* Model.m */ = {isa = PBXFileReference; fileEncoding = 4; lastKnownFileType = sourcecode.c.objc; path = Model.m; sourceTree = "<group>"; };
		79BE075E1C916F9800EC76A9 /* DataSource.h */ = {isa = PBXFileReference; fileEncoding = 4; lastKnownFileType = sourcecode.c.h; path = DataSource.h; sourceTree = "<group>"; };
		79BE075F1C916F9800EC76A9 /* DataSource.m */ = {isa = PBXFileReference; fileEncoding = 4; lastKnownFileType = sourcecode.c.objc; path = DataSource.m; sourceTree = "<group>"; };
		79BE07601C916F9800EC76A9 /* Store.h */ = {isa = PBXFileReference; fileEncoding = 4; lastKnownFileType = sourcecode.c.h; path = Store.h; sourceTree = "<group>"; };
		79BE07611C916F9800EC76A9 /* Store.m */ = {isa = PBXFileReference; fileEncoding = 4; lastKnownFileType = sourcecode.c.objc; path = Store.m; sourceTree = "<group>"; };
		79BE07641C916FAF00EC76A9 /* CellSelectController.h */ = {isa = PBXFileReference; fileEncoding = 4; lastKnownFileType = sourcecode.c.h; path = CellSelectController.h; sourceTree = "<group>"; };
		79BE07651C916FAF00EC76A9 /* CellSelectController.m */ = {isa = PBXFileReference; fileEncoding = 4; lastKnownFileType = sourcecode.c.objc; path = CellSelectController.m; sourceTree = "<group>"; };
		79BE07661C916FAF00EC76A9 /* CellSelectController.xib */ = {isa = PBXFileReference; fileEncoding = 4; lastKnownFileType = file.xib; path = CellSelectController.xib; sourceTree = "<group>"; };
		79BE07691C916FCC00EC76A9 /* LocalTest.plist */ = {isa = PBXFileReference; fileEncoding = 4; lastKnownFileType = text.plist.xml; path = LocalTest.plist; sourceTree = "<group>"; };
		90EAB4B390ECBD3DD70EC674 /* Pods.release.xcconfig */ = {isa = PBXFileReference; includeInIndex = 1; lastKnownFileType = text.xcconfig; name = Pods.release.xcconfig; path = "Pods/Target Support Files/Pods/Pods.release.xcconfig"; sourceTree = "<group>"; };
/* End PBXFileReference section */

/* Begin PBXFrameworksBuildPhase section */
		79BE072C1C916E4D00EC76A9 /* Frameworks */ = {
			isa = PBXFrameworksBuildPhase;
			buildActionMask = 2147483647;
			files = (
				5D07F90500700A087AFFDBA1 /* libPods.a in Frameworks */,
			);
			runOnlyForDeploymentPostprocessing = 0;
		};
/* End PBXFrameworksBuildPhase section */

/* Begin PBXGroup section */
		79BE07261C916E4D00EC76A9 = {
			isa = PBXGroup;
			children = (
				79BE07311C916E4D00EC76A9 /* MVC-Object_C */,
				79BE07301C916E4D00EC76A9 /* Products */,
				FB9E3E29DC7809D364EEB81F /* Pods */,
				8C0820CE962F614BDEB54252 /* Frameworks */,
			);
			sourceTree = "<group>";
		};
		79BE07301C916E4D00EC76A9 /* Products */ = {
			isa = PBXGroup;
			children = (
				79BE072F1C916E4D00EC76A9 /* MVC-Object_C.app */,
			);
			name = Products;
			sourceTree = "<group>";
		};
		79BE07311C916E4D00EC76A9 /* MVC-Object_C */ = {
			isa = PBXGroup;
			children = (
				79BE073E1C916E4D00EC76A9 /* Assets.xcassets */,
				79BE07491C916F3300EC76A9 /* Cell */,
				79BE074A1C916F3300EC76A9 /* Model */,
				79BE074B1C916F3300EC76A9 /* Resue */,
				79BE07351C916E4D00EC76A9 /* AppDelegate.h */,
				79BE07361C916E4D00EC76A9 /* AppDelegate.m */,
				79BE07691C916FCC00EC76A9 /* LocalTest.plist */,
				79BE07381C916E4D00EC76A9 /* ViewController.h */,
				79BE07391C916E4D00EC76A9 /* ViewController.m */,
				79BE07641C916FAF00EC76A9 /* CellSelectController.h */,
				79BE07651C916FAF00EC76A9 /* CellSelectController.m */,
				79BE07661C916FAF00EC76A9 /* CellSelectController.xib */,
				79BE07321C916E4D00EC76A9 /* Supporting Files */,
			);
			path = "MVC-Object_C";
			sourceTree = "<group>";
		};
		79BE07321C916E4D00EC76A9 /* Supporting Files */ = {
			isa = PBXGroup;
			children = (
				79BE073B1C916E4D00EC76A9 /* Main.storyboard */,
				79BE07401C916E4D00EC76A9 /* LaunchScreen.storyboard */,
				79BE07431C916E4D00EC76A9 /* Info.plist */,
				79BE07331C916E4D00EC76A9 /* main.m */,
			);
			name = "Supporting Files";
			sourceTree = "<group>";
		};
		79BE07491C916F3300EC76A9 /* Cell */ = {
			isa = PBXGroup;
			children = (
				79BE074C1C916F8500EC76A9 /* Cell.h */,
				79BE074D1C916F8500EC76A9 /* Cell.m */,
				79BE074E1C916F8500EC76A9 /* Cell.xib */,
				79BE074F1C916F8500EC76A9 /* CellTwo.h */,
				79BE07501C916F8500EC76A9 /* CellTwo.m */,
				79BE07511C916F8500EC76A9 /* CellTwo.xib */,
				79BE07521C916F8500EC76A9 /* CellThree.h */,
				79BE07531C916F8500EC76A9 /* CellThree.m */,
				79BE07541C916F8500EC76A9 /* CellThree.xib */,
			);
			path = Cell;
			sourceTree = "<group>";
		};
		79BE074A1C916F3300EC76A9 /* Model */ = {
			isa = PBXGroup;
			children = (
				79BE075B1C916F9100EC76A9 /* Model.h */,
				79BE075C1C916F9100EC76A9 /* Model.m */,
			);
			path = Model;
			sourceTree = "<group>";
		};
		79BE074B1C916F3300EC76A9 /* Resue */ = {
			isa = PBXGroup;
			children = (
				79BE075E1C916F9800EC76A9 /* DataSource.h */,
				79BE075F1C916F9800EC76A9 /* DataSource.m */,
				79BE07601C916F9800EC76A9 /* Store.h */,
				79BE07611C916F9800EC76A9 /* Store.m */,
			);
			path = Resue;
			sourceTree = "<group>";
		};
		8C0820CE962F614BDEB54252 /* Frameworks */ = {
			isa = PBXGroup;
			children = (
				437D4BCE40F0618340199028 /* libPods.a */,
			);
			name = Frameworks;
			sourceTree = "<group>";
		};
		FB9E3E29DC7809D364EEB81F /* Pods */ = {
			isa = PBXGroup;
			children = (
				5425C8F9502D44AEEBF7AE75 /* Pods.debug.xcconfig */,
				90EAB4B390ECBD3DD70EC674 /* Pods.release.xcconfig */,
			);
			name = Pods;
			sourceTree = "<group>";
		};
/* End PBXGroup section */

/* Begin PBXNativeTarget section */
		79BE072E1C916E4D00EC76A9 /* MVC-Object_C */ = {
			isa = PBXNativeTarget;
			buildConfigurationList = 79BE07461C916E4D00EC76A9 /* Build configuration list for PBXNativeTarget "MVC-Object_C" */;
			buildPhases = (
				113BD13BBAD39E59E4B2D07A /* Check Pods Manifest.lock */,
				79BE072B1C916E4D00EC76A9 /* Sources */,
				79BE072C1C916E4D00EC76A9 /* Frameworks */,
				79BE072D1C916E4D00EC76A9 /* Resources */,
				6E3B180ABC0C496B6B3470BF /* Embed Pods Frameworks */,
				66A33E38D33A27FD0214D413 /* Copy Pods Resources */,
			);
			buildRules = (
			);
			dependencies = (
			);
			name = "MVC-Object_C";
			productName = "MVC-Object_C";
			productReference = 79BE072F1C916E4D00EC76A9 /* MVC-Object_C.app */;
			productType = "com.apple.product-type.application";
		};
/* End PBXNativeTarget section */

/* Begin PBXProject section */
		79BE07271C916E4D00EC76A9 /* Project object */ = {
			isa = PBXProject;
			attributes = {
				LastUpgradeCheck = 0720;
				ORGANIZATIONNAME = "许毓方";
				TargetAttributes = {
					79BE072E1C916E4D00EC76A9 = {
						CreatedOnToolsVersion = 7.2.1;
						DevelopmentTeam = 48LTUYWZYX;
					};
				};
			};
			buildConfigurationList = 79BE072A1C916E4D00EC76A9 /* Build configuration list for PBXProject "MVC-Object_C" */;
			compatibilityVersion = "Xcode 3.2";
			developmentRegion = English;
			hasScannedForEncodings = 0;
			knownRegions = (
				en,
				Base,
			);
			mainGroup = 79BE07261C916E4D00EC76A9;
			productRefGroup = 79BE07301C916E4D00EC76A9 /* Products */;
			projectDirPath = "";
			projectRoot = "";
			targets = (
				79BE072E1C916E4D00EC76A9 /* MVC-Object_C */,
			);
		};
/* End PBXProject section */

/* Begin PBXResourcesBuildPhase section */
		79BE072D1C916E4D00EC76A9 /* Resources */ = {
			isa = PBXResourcesBuildPhase;
			buildActionMask = 2147483647;
			files = (
				79BE07421C916E4D00EC76A9 /* LaunchScreen.storyboard in Resources */,
				79BE07681C916FAF00EC76A9 /* CellSelectController.xib in Resources */,
				79BE07561C916F8500EC76A9 /* Cell.xib in Resources */,
				79BE073F1C916E4D00EC76A9 /* Assets.xcassets in Resources */,
				79BE076A1C916FCC00EC76A9 /* LocalTest.plist in Resources */,
				79BE07581C916F8500EC76A9 /* CellTwo.xib in Resources */,
				79BE075A1C916F8500EC76A9 /* CellThree.xib in Resources */,
				79BE073D1C916E4D00EC76A9 /* Main.storyboard in Resources */,
			);
			runOnlyForDeploymentPostprocessing = 0;
		};
/* End PBXResourcesBuildPhase section */

/* Begin PBXShellScriptBuildPhase section */
		113BD13BBAD39E59E4B2D07A /* Check Pods Manifest.lock */ = {
			isa = PBXShellScriptBuildPhase;
			buildActionMask = 2147483647;
			files = (
			);
			inputPaths = (
			);
			name = "Check Pods Manifest.lock";
			outputPaths = (
			);
			runOnlyForDeploymentPostprocessing = 0;
			shellPath = /bin/sh;
			shellScript = "diff \"${PODS_ROOT}/../Podfile.lock\" \"${PODS_ROOT}/Manifest.lock\" > /dev/null\nif [[ $? != 0 ]] ; then\n    cat << EOM\nerror: The sandbox is not in sync with the Podfile.lock. Run 'pod install' or update your CocoaPods installation.\nEOM\n    exit 1\nfi\n";
			showEnvVarsInLog = 0;
		};
		66A33E38D33A27FD0214D413 /* Copy Pods Resources */ = {
			isa = PBXShellScriptBuildPhase;
			buildActionMask = 2147483647;
			files = (
			);
			inputPaths = (
			);
			name = "Copy Pods Resources";
			outputPaths = (
			);
			runOnlyForDeploymentPostprocessing = 0;
			shellPath = /bin/sh;
			shellScript = "\"${SRCROOT}/Pods/Target Support Files/Pods/Pods-resources.sh\"\n";
			showEnvVarsInLog = 0;
		};
		6E3B180ABC0C496B6B3470BF /* Embed Pods Frameworks */ = {
			isa = PBXShellScriptBuildPhase;
			buildActionMask = 2147483647;
			files = (
			);
			inputPaths = (
			);
			name = "Embed Pods Frameworks";
			outputPaths = (
			);
			runOnlyForDeploymentPostprocessing = 0;
			shellPath = /bin/sh;
			shellScript = "\"${SRCROOT}/Pods/Target Support Files/Pods/Pods-frameworks.sh\"\n";
			showEnvVarsInLog = 0;
		};
/* End PBXShellScriptBuildPhase section */

/* Begin PBXSourcesBuildPhase section */
		79BE072B1C916E4D00EC76A9 /* Sources */ = {
			isa = PBXSourcesBuildPhase;
			buildActionMask = 2147483647;
			files = (
				79BE073A1C916E4D00EC76A9 /* ViewController.m in Sources */,
				79BE07551C916F8500EC76A9 /* Cell.m in Sources */,
				79BE07621C916F9800EC76A9 /* DataSource.m in Sources */,
				79BE07671C916FAF00EC76A9 /* CellSelectController.m in Sources */,
				79BE07591C916F8500EC76A9 /* CellThree.m in Sources */,
				79BE07371C916E4D00EC76A9 /* AppDelegate.m in Sources */,
				79BE075D1C916F9100EC76A9 /* Model.m in Sources */,
				79BE07631C916F9800EC76A9 /* Store.m in Sources */,
				79BE07571C916F8500EC76A9 /* CellTwo.m in Sources */,
				79BE07341C916E4D00EC76A9 /* main.m in Sources */,
			);
			runOnlyForDeploymentPostprocessing = 0;
		};
/* End PBXSourcesBuildPhase section */

/* Begin PBXVariantGroup section */
		79BE073B1C916E4D00EC76A9 /* Main.storyboard */ = {
			isa = PBXVariantGroup;
			children = (
				79BE073C1C916E4D00EC76A9 /* Base */,
			);
			name = Main.storyboard;
			sourceTree = "<group>";
		};
		79BE07401C916E4D00EC76A9 /* LaunchScreen.storyboard */ = {
			isa = PBXVariantGroup;
			children = (
				79BE07411C916E4D00EC76A9 /* Base */,
			);
			name = LaunchScreen.storyboard;
			sourceTree = "<group>";
		};
/* End PBXVariantGroup section */

/* Begin XCBuildConfiguration section */
		79BE07441C916E4D00EC76A9 /* Debug */ = {
			isa = XCBuildConfiguration;
			buildSettings = {
				ALWAYS_SEARCH_USER_PATHS = NO;
				CLANG_CXX_LANGUAGE_STANDARD = "gnu++0x";
				CLANG_CXX_LIBRARY = "libc++";
				CLANG_ENABLE_MODULES = YES;
				CLANG_ENABLE_OBJC_ARC = YES;
				CLANG_WARN_BOOL_CONVERSION = YES;
				CLANG_WARN_CONSTANT_CONVERSION = YES;
				CLANG_WARN_DIRECT_OBJC_ISA_USAGE = YES_ERROR;
				CLANG_WARN_EMPTY_BODY = YES;
				CLANG_WARN_ENUM_CONVERSION = YES;
				CLANG_WARN_INT_CONVERSION = YES;
				CLANG_WARN_OBJC_ROOT_CLASS = YES_ERROR;
				CLANG_WARN_UNREACHABLE_CODE = YES;
				CLANG_WARN__DUPLICATE_METHOD_MATCH = YES;
				"CODE_SIGN_IDENTITY[sdk=iphoneos*]" = "iPhone Developer";
				COPY_PHASE_STRIP = NO;
				DEBUG_INFORMATION_FORMAT = dwarf;
				ENABLE_STRICT_OBJC_MSGSEND = YES;
				ENABLE_TESTABILITY = YES;
				GCC_C_LANGUAGE_STANDARD = gnu99;
				GCC_DYNAMIC_NO_PIC = NO;
				GCC_NO_COMMON_BLOCKS = YES;
				GCC_OPTIMIZATION_LEVEL = 0;
				GCC_PREPROCESSOR_DEFINITIONS = (
					"DEBUG=1",
					"$(inherited)",
				);
				GCC_WARN_64_TO_32_BIT_CONVERSION = YES;
				GCC_WARN_ABOUT_RETURN_TYPE = YES_ERROR;
				GCC_WARN_UNDECLARED_SELECTOR = YES;
				GCC_WARN_UNINITIALIZED_AUTOS = YES_AGGRESSIVE;
				GCC_WARN_UNUSED_FUNCTION = YES;
				GCC_WARN_UNUSED_VARIABLE = YES;
				IPHONEOS_DEPLOYMENT_TARGET = 9.2;
				MTL_ENABLE_DEBUG_INFO = YES;
				ONLY_ACTIVE_ARCH = YES;
				SDKROOT = iphoneos;
			};
			name = Debug;
		};
		79BE07451C916E4D00EC76A9 /* Release */ = {
			isa = XCBuildConfiguration;
			buildSettings = {
				ALWAYS_SEARCH_USER_PATHS = NO;
				CLANG_CXX_LANGUAGE_STANDARD = "gnu++0x";
				CLANG_CXX_LIBRARY = "libc++";
				CLANG_ENABLE_MODULES = YES;
				CLANG_ENABLE_OBJC_ARC = YES;
				CLANG_WARN_BOOL_CONVERSION = YES;
				CLANG_WARN_CONSTANT_CONVERSION = YES;
				CLANG_WARN_DIRECT_OBJC_ISA_USAGE = YES_ERROR;
				CLANG_WARN_EMPTY_BODY = YES;
				CLANG_WARN_ENUM_CONVERSION = YES;
				CLANG_WARN_INT_CONVERSION = YES;
				CLANG_WARN_OBJC_ROOT_CLASS = YES_ERROR;
				CLANG_WARN_UNREACHABLE_CODE = YES;
				CLANG_WARN__DUPLICATE_METHOD_MATCH = YES;
				"CODE_SIGN_IDENTITY[sdk=iphoneos*]" = "iPhone Developer";
				COPY_PHASE_STRIP = NO;
				DEBUG_INFORMATION_FORMAT = "dwarf-with-dsym";
				ENABLE_NS_ASSERTIONS = NO;
				ENABLE_STRICT_OBJC_MSGSEND = YES;
				GCC_C_LANGUAGE_STANDARD = gnu99;
				GCC_NO_COMMON_BLOCKS = YES;
				GCC_WARN_64_TO_32_BIT_CONVERSION = YES;
				GCC_WARN_ABOUT_RETURN_TYPE = YES_ERROR;
				GCC_WARN_UNDECLARED_SELECTOR = YES;
				GCC_WARN_UNINITIALIZED_AUTOS = YES_AGGRESSIVE;
				GCC_WARN_UNUSED_FUNCTION = YES;
				GCC_WARN_UNUSED_VARIABLE = YES;
				IPHONEOS_DEPLOYMENT_TARGET = 9.2;
				MTL_ENABLE_DEBUG_INFO = NO;
				SDKROOT = iphoneos;
				VALIDATE_PRODUCT = YES;
			};
			name = Release;
		};
		79BE07471C916E4D00EC76A9 /* Debug */ = {
			isa = XCBuildConfiguration;
			baseConfigurationReference = 5425C8F9502D44AEEBF7AE75 /* Pods.debug.xcconfig */;
			buildSettings = {
				ASSETCATALOG_COMPILER_APPICON_NAME = AppIcon;
				INFOPLIST_FILE = "MVC-Object_C/Info.plist";
				LD_RUNPATH_SEARCH_PATHS = "$(inherited) @executable_path/Frameworks";
				PRODUCT_BUNDLE_IDENTIFIER = "com.lianbi.MVC-Object-C";
				PRODUCT_NAME = "$(TARGET_NAME)";
			};
			name = Debug;
		};
		79BE07481C916E4D00EC76A9 /* Release */ = {
			isa = XCBuildConfiguration;
			baseConfigurationReference = 90EAB4B390ECBD3DD70EC674 /* Pods.release.xcconfig */;
			buildSettings = {
				ASSETCATALOG_COMPILER_APPICON_NAME = AppIcon;
				INFOPLIST_FILE = "MVC-Object_C/Info.plist";
				LD_RUNPATH_SEARCH_PATHS = "$(inherited) @executable_path/Frameworks";
				PRODUCT_BUNDLE_IDENTIFIER = "com.lianbi.MVC-Object-C";
				PRODUCT_NAME = "$(TARGET_NAME)";
			};
			name = Release;
		};
/* End XCBuildConfiguration section */

/* Begin XCConfigurationList section */
		79BE072A1C916E4D00EC76A9 /* Build configuration list for PBXProject "MVC-Object_C" */ = {
			isa = XCConfigurationList;
			buildConfigurations = (
				79BE07441C916E4D00EC76A9 /* Debug */,
				79BE07451C916E4D00EC76A9 /* Release */,
			);
			defaultConfigurationIsVisible = 0;
			defaultConfigurationName = Release;
		};
		79BE07461C916E4D00EC76A9 /* Build configuration list for PBXNativeTarget "MVC-Object_C" */ = {
			isa = XCConfigurationList;
			buildConfigurations = (
				79BE07471C916E4D00EC76A9 /* Debug */,
				79BE07481C916E4D00EC76A9 /* Release */,
			);
			defaultConfigurationIsVisible = 0;
			defaultConfigurationName = Release;
		};
/* End XCConfigurationList section */
	};
	rootObject = 79BE07271C916E4D00EC76A9 /* Project object */;
}
